{
  "nodes": {
    "nixos-hardware": {
      "locked": {
        "lastModified": 1669146234,
        "narHash": "sha256-HEby7EG1yaq1oT2Ze6Cvok9CFju1XHkSvVHmkptLW9U=",
        "owner": "NixOS",
        "repo": "nixos-hardware",
        "rev": "0099253ad0b5283f06ffe31cf010af3f9ad7837d",
        "type": "github"
      },
      "original": {
        "owner": "NixOS",
        "ref": "master",
        "repo": "nixos-hardware",
        "type": "github"
      }
    },
    "nixpkgs": {
      "locked": {
        "lastModified": 1669465383,
        "narHash": "sha256-fVbG427suESAEb8/P47O/zD/G9BSeFxLh94IUzgOchs=",
        "owner": "nixos",
        "repo": "nixpkgs",
        "rev": "899e7caf59d1954882a8e2dff45ccc0387c186f6",
        "type": "github"
      },
      "original": {
        "owner": "nixos",
        "ref": "nixos-22.11",
        "repo": "nixpkgs",
        "type": "github"
      }
    },
    "nixpkgs-unstable": {
      "locked": {
        "lastModified": 1669542132,
        "narHash": "sha256-DRlg++NJAwPh8io3ExBJdNW7Djs3plVI5jgYQ+iXAZQ=",
        "owner": "NixOS",
        "repo": "nixpkgs",
        "rev": "a115bb9bd56831941be3776c8a94005867f316a7",
        "type": "github"
      },
      "original": {
        "owner": "NixOS",
        "ref": "nixos-unstable",
        "repo": "nixpkgs",
        "type": "github"
      }
    },
    "root": {
      "inputs": {
        "nixos-hardware": "nixos-hardware",
        "nixpkgs": "nixpkgs",
        "nixpkgs-unstable": "nixpkgs-unstable"
      }
    }
  },
  "root": "root",
  "version": 7
}
