{
  "nodes": {
    "home-manager": {
      "inputs": {
        "nixpkgs": [
          "nixpkgs"
        ]
      },
      "locked": {
        "lastModified": 1656169755,
        "narHash": "sha256-Nlnm4jeQWEGjYrE6hxi/7HYHjBSZ/E0RtjCYifnNsWk=",
        "owner": "rycee",
        "repo": "home-manager",
        "rev": "4a3d01fb53f52ac83194081272795aa4612c2381",
        "type": "github"
      },
      "original": {
        "owner": "rycee",
        "ref": "release-22.05",
        "repo": "home-manager",
        "type": "github"
      }
    },
    "nixpkgs": {
      "locked": {
        "lastModified": 1659859897,
        "narHash": "sha256-jAppjCqvzi5O1ODp8K8p4Kql1YgtnAnO3iAsbW3622U=",
        "owner": "nixos",
        "repo": "nixpkgs",
        "rev": "3c8a5fa9a699d6910bbe70490918f1a4adc1e462",
        "type": "github"
      },
      "original": {
        "owner": "nixos",
        "ref": "nixos-22.05",
        "repo": "nixpkgs",
        "type": "github"
      }
    },
    "nixpkgs-unstable": {
      "locked": {
        "lastModified": 1659889440,
        "narHash": "sha256-O8+FsHZzQIqjQjuh+VXbJtGrpPswm5ta2Z/eo72Lz2U=",
        "owner": "nixos",
        "repo": "nixpkgs",
        "rev": "4bdf4169ad2896236895ca607a843f30c9680345",
        "type": "github"
      },
      "original": {
        "owner": "nixos",
        "ref": "nixos-unstable",
        "repo": "nixpkgs",
        "type": "github"
      }
    },
    "root": {
      "inputs": {
        "home-manager": "home-manager",
        "nixpkgs": "nixpkgs",
        "nixpkgs-unstable": "nixpkgs-unstable"
      }
    }
  },
  "root": "root",
  "version": 7
}
