{
  "nodes": {
    "home-manager": {
      "inputs": {
        "nixpkgs": [
          "nixpkgs"
        ]
      },
      "locked": {
        "lastModified": 1648834319,
        "narHash": "sha256-i5Aj4Aw64D/A0X6XW5LxSS4XBnYj7gMz+kN4dpsbdk8=",
        "owner": "rycee",
        "repo": "home-manager",
        "rev": "0bdbdea2e26c984b096f4f7d10e3c88536a980b0",
        "type": "github"
      },
      "original": {
        "owner": "rycee",
        "ref": "release-21.11",
        "repo": "home-manager",
        "type": "github"
      }
    },
    "nixpkgs": {
      "locked": {
        "lastModified": 1649490789,
        "narHash": "sha256-YrhVxwoofZSx/wLZ4GYET//8vS+uqWX572zvdmP/Etg=",
        "owner": "nixos",
        "repo": "nixpkgs",
        "rev": "c86185d20d708013caf97a6adaa8dc6d72313c75",
        "type": "github"
      },
      "original": {
        "owner": "nixos",
        "ref": "nixos-21.11",
        "repo": "nixpkgs",
        "type": "github"
      }
    },
    "nixpkgs-unstable": {
      "locked": {
        "lastModified": 1649408932,
        "narHash": "sha256-JhTW1OtS5fACcRXLqcTTQyYO5vLkO+bceCqeRms13SY=",
        "owner": "nixos",
        "repo": "nixpkgs",
        "rev": "42948b300670223ca8286aaf916bc381f66a5313",
        "type": "github"
      },
      "original": {
        "owner": "nixos",
        "ref": "nixos-unstable",
        "repo": "nixpkgs",
        "type": "github"
      }
    },
    "root": {
      "inputs": {
        "home-manager": "home-manager",
        "nixpkgs": "nixpkgs",
        "nixpkgs-unstable": "nixpkgs-unstable"
      }
    }
  },
  "root": "root",
  "version": 7
}
